
Microsoft Visual Studio Solution File, Format Version 12.00
# Visual Studio Version 16
VisualStudioVersion = 16.0.32630.194
MinimumVisualStudioVersion = 10.0.40219.1
Project("{FAE04EC0-301F-11D3-BF4B-00C04F79EFBC}") = "EjemploDiapoMovil.Android", "EjemploDiapoMovil\EjemploDiapoMovil.Android\EjemploDiapoMovil.Android.csproj", "{5F2B615D-FE64-472A-BF6A-7E14074EF223}"
EndProject
Project("{FAE04EC0-301F-11D3-BF4B-00C04F79EFBC}") = "EjemploDiapoMovil", "EjemploDiapoMovil\EjemploDiapoMovil\EjemploDiapoMovil.csproj", "{06C9B926-4250-4C0D-AE69-A2A025F37620}"
EndProject
Global
	GlobalSection(SolutionConfigurationPlatforms) = preSolution
		Debug|Any CPU = Debug|Any CPU
		Release|Any CPU = Release|Any CPU
	EndGlobalSection
	GlobalSection(ProjectConfigurationPlatforms) = postSolution
		{5F2B615D-FE64-472A-BF6A-7E14074EF223}.Debug|Any CPU.ActiveCfg = Debug|Any CPU
		{5F2B615D-FE64-472A-BF6A-7E14074EF223}.Debug|Any CPU.Build.0 = Debug|Any CPU
		{5F2B615D-FE64-472A-BF6A-7E14074EF223}.Debug|Any CPU.Deploy.0 = Debug|Any CPU
		{5F2B615D-FE64-472A-BF6A-7E14074EF223}.Release|Any CPU.ActiveCfg = Release|Any CPU
		{5F2B615D-FE64-472A-BF6A-7E14074EF223}.Release|Any CPU.Build.0 = Release|Any CPU
		{5F2B615D-FE64-472A-BF6A-7E14074EF223}.Release|Any CPU.Deploy.0 = Release|Any CPU
		{06C9B926-4250-4C0D-AE69-A2A025F37620}.Debug|Any CPU.ActiveCfg = Debug|Any CPU
		{06C9B926-4250-4C0D-AE69-A2A025F37620}.Debug|Any CPU.Build.0 = Debug|Any CPU
		{06C9B926-4250-4C0D-AE69-A2A025F37620}.Debug|Any CPU.Deploy.0 = Debug|Any CPU
		{06C9B926-4250-4C0D-AE69-A2A025F37620}.Release|Any CPU.ActiveCfg = Release|Any CPU
		{06C9B926-4250-4C0D-AE69-A2A025F37620}.Release|Any CPU.Build.0 = Release|Any CPU
		{06C9B926-4250-4C0D-AE69-A2A025F37620}.Release|Any CPU.Deploy.0 = Release|Any CPU
	EndGlobalSection
	GlobalSection(SolutionProperties) = preSolution
		HideSolutionNode = FALSE
	EndGlobalSection
	GlobalSection(ExtensibilityGlobals) = postSolution
		SolutionGuid = {C7733321-BF10-48C1-9B54-811734A71146}
	EndGlobalSection
EndGlobal
